
Microsoft Visual Studio Solution File, Format Version 12.00
# Visual Studio Version 16
VisualStudioVersion = 16.0.30114.105
MinimumVisualStudioVersion = 10.0.40219.1
Project("{FAE04EC0-301F-11D3-BF4B-00C04F79EFBC}") = "GrpcGreeter", "GrpcGreeter\GrpcGreeter.csproj", "{EE699B00-88AB-47DB-A232-5FEFA6844175}"
EndProject
Project("{FAE04EC0-301F-11D3-BF4B-00C04F79EFBC}") = "GrpcGreeterClient", "GrpcGreeterClient\GrpcGreeterClient.csproj", "{71D02AC1-D20E-4076-B73D-F559742AE730}"
EndProject
Global
	GlobalSection(SolutionConfigurationPlatforms) = preSolution
		Debug|Any CPU = Debug|Any CPU
		Release|Any CPU = Release|Any CPU
	EndGlobalSection
	GlobalSection(SolutionProperties) = preSolution
		HideSolutionNode = FALSE
	EndGlobalSection
	GlobalSection(ProjectConfigurationPlatforms) = postSolution
		{EE699B00-88AB-47DB-A232-5FEFA6844175}.Debug|Any CPU.ActiveCfg = Debug|Any CPU
		{EE699B00-88AB-47DB-A232-5FEFA6844175}.Debug|Any CPU.Build.0 = Debug|Any CPU
		{EE699B00-88AB-47DB-A232-5FEFA6844175}.Release|Any CPU.ActiveCfg = Release|Any CPU
		{EE699B00-88AB-47DB-A232-5FEFA6844175}.Release|Any CPU.Build.0 = Release|Any CPU
		{71D02AC1-D20E-4076-B73D-F559742AE730}.Debug|Any CPU.ActiveCfg = Debug|Any CPU
		{71D02AC1-D20E-4076-B73D-F559742AE730}.Debug|Any CPU.Build.0 = Debug|Any CPU
		{71D02AC1-D20E-4076-B73D-F559742AE730}.Release|Any CPU.ActiveCfg = Release|Any CPU
		{71D02AC1-D20E-4076-B73D-F559742AE730}.Release|Any CPU.Build.0 = Release|Any CPU
	EndGlobalSection
EndGlobal
