
Microsoft Visual Studio Solution File, Format Version 12.00
# Visual Studio Version 16
VisualStudioVersion = 16.0.32602.291
MinimumVisualStudioVersion = 10.0.40219.1
Project("{FAE04EC0-301F-11D3-BF4B-00C04F79EFBC}") = "AutoMate.WebApp", "AutoMate.WebApp\AutoMate.WebApp.csproj", "{F3FE107C-09B8-4D95-B472-506940E5A5E8}"
EndProject
Project("{FAE04EC0-301F-11D3-BF4B-00C04F79EFBC}") = "AutoMate.WebApp.Tests", "AutoMate.WebApp.Tests\AutoMate.WebApp.Tests.csproj", "{11AFEE95-5D2D-4CAC-86F1-B5D95FF837C1}"
EndProject
Project("{FAE04EC0-301F-11D3-BF4B-00C04F79EFBC}") = "AutoMate.Data", "AutoMate.Data\AutoMate.Data.csproj", "{31585EC1-1C21-4F18-93DA-5F4FB0CE9931}"
EndProject
Global
	GlobalSection(SolutionConfigurationPlatforms) = preSolution
		Debug|Any CPU = Debug|Any CPU
		Release|Any CPU = Release|Any CPU
	EndGlobalSection
	GlobalSection(ProjectConfigurationPlatforms) = postSolution
		{F3FE107C-09B8-4D95-B472-506940E5A5E8}.Debug|Any CPU.ActiveCfg = Debug|Any CPU
		{F3FE107C-09B8-4D95-B472-506940E5A5E8}.Debug|Any CPU.Build.0 = Debug|Any CPU
		{F3FE107C-09B8-4D95-B472-506940E5A5E8}.Release|Any CPU.ActiveCfg = Release|Any CPU
		{F3FE107C-09B8-4D95-B472-506940E5A5E8}.Release|Any CPU.Build.0 = Release|Any CPU
		{11AFEE95-5D2D-4CAC-86F1-B5D95FF837C1}.Debug|Any CPU.ActiveCfg = Debug|Any CPU
		{11AFEE95-5D2D-4CAC-86F1-B5D95FF837C1}.Debug|Any CPU.Build.0 = Debug|Any CPU
		{11AFEE95-5D2D-4CAC-86F1-B5D95FF837C1}.Release|Any CPU.ActiveCfg = Release|Any CPU
		{11AFEE95-5D2D-4CAC-86F1-B5D95FF837C1}.Release|Any CPU.Build.0 = Release|Any CPU
		{31585EC1-1C21-4F18-93DA-5F4FB0CE9931}.Debug|Any CPU.ActiveCfg = Debug|Any CPU
		{31585EC1-1C21-4F18-93DA-5F4FB0CE9931}.Debug|Any CPU.Build.0 = Debug|Any CPU
		{31585EC1-1C21-4F18-93DA-5F4FB0CE9931}.Release|Any CPU.ActiveCfg = Release|Any CPU
		{31585EC1-1C21-4F18-93DA-5F4FB0CE9931}.Release|Any CPU.Build.0 = Release|Any CPU
	EndGlobalSection
	GlobalSection(SolutionProperties) = preSolution
		HideSolutionNode = FALSE
	EndGlobalSection
	GlobalSection(ExtensibilityGlobals) = postSolution
		SolutionGuid = {31B55E34-6D7D-4234-9506-468639689F96}
	EndGlobalSection
EndGlobal
