
Microsoft Visual Studio Solution File, Format Version 12.00
# Visual Studio Version 16
VisualStudioVersion = 16.0.30114.105
MinimumVisualStudioVersion = 10.0.40219.1
Project("{FAE04EC0-301F-11D3-BF4B-00C04F79EFBC}") = "Subscriber", "Subscriber\Subscriber.csproj", "{07FF9739-369A-4BE4-B850-E51291369FBB}"
EndProject
Project("{FAE04EC0-301F-11D3-BF4B-00C04F79EFBC}") = "Publisher", "Publisher\Publisher.csproj", "{D764A878-4512-4EBF-994B-006ECD8A9B00}"
EndProject
Project("{FAE04EC0-301F-11D3-BF4B-00C04F79EFBC}") = "Messages", "Messages\Messages.csproj", "{FB81B955-F788-4F32-B089-EA759605E06A}"
EndProject
Global
	GlobalSection(SolutionConfigurationPlatforms) = preSolution
		Debug|Any CPU = Debug|Any CPU
		Release|Any CPU = Release|Any CPU
	EndGlobalSection
	GlobalSection(SolutionProperties) = preSolution
		HideSolutionNode = FALSE
	EndGlobalSection
	GlobalSection(ProjectConfigurationPlatforms) = postSolution
		{07FF9739-369A-4BE4-B850-E51291369FBB}.Debug|Any CPU.ActiveCfg = Debug|Any CPU
		{07FF9739-369A-4BE4-B850-E51291369FBB}.Debug|Any CPU.Build.0 = Debug|Any CPU
		{07FF9739-369A-4BE4-B850-E51291369FBB}.Release|Any CPU.ActiveCfg = Release|Any CPU
		{07FF9739-369A-4BE4-B850-E51291369FBB}.Release|Any CPU.Build.0 = Release|Any CPU
		{D764A878-4512-4EBF-994B-006ECD8A9B00}.Debug|Any CPU.ActiveCfg = Debug|Any CPU
		{D764A878-4512-4EBF-994B-006ECD8A9B00}.Debug|Any CPU.Build.0 = Debug|Any CPU
		{D764A878-4512-4EBF-994B-006ECD8A9B00}.Release|Any CPU.ActiveCfg = Release|Any CPU
		{D764A878-4512-4EBF-994B-006ECD8A9B00}.Release|Any CPU.Build.0 = Release|Any CPU
		{FB81B955-F788-4F32-B089-EA759605E06A}.Debug|Any CPU.ActiveCfg = Debug|Any CPU
		{FB81B955-F788-4F32-B089-EA759605E06A}.Debug|Any CPU.Build.0 = Debug|Any CPU
		{FB81B955-F788-4F32-B089-EA759605E06A}.Release|Any CPU.ActiveCfg = Release|Any CPU
		{FB81B955-F788-4F32-B089-EA759605E06A}.Release|Any CPU.Build.0 = Release|Any CPU
	EndGlobalSection
EndGlobal
